// !$*UTF8*$!
{
	archiveVersion = 1;
	classes = {
	};
	objectVersion = 50;
	objects = {

/* Begin PBXBuildFile section */
		64CA61282476A6EF0000E347 /* AppDelegate.swift in Sources */ = {isa = PBXBuildFile; fileRef = 64CA61272476A6EF0000E347 /* AppDelegate.swift */; };
		64CA612A2476A6EF0000E347 /* SceneDelegate.swift in Sources */ = {isa = PBXBuildFile; fileRef = 64CA61292476A6EF0000E347 /* SceneDelegate.swift */; };
		64CA612C2476A6EF0000E347 /* ViewController.swift in Sources */ = {isa = PBXBuildFile; fileRef = 64CA612B2476A6EF0000E347 /* ViewController.swift */; };
		64CA612F2476A6EF0000E347 /* Main.storyboard in Resources */ = {isa = PBXBuildFile; fileRef = 64CA612D2476A6EF0000E347 /* Main.storyboard */; };
		64CA61322476A6EF0000E347 /* MVVM_Study.xcdatamodeld in Sources */ = {isa = PBXBuildFile; fileRef = 64CA61302476A6EF0000E347 /* MVVM_Study.xcdatamodeld */; };
		64CA61342476A6F00000E347 /* Assets.xcassets in Resources */ = {isa = PBXBuildFile; fileRef = 64CA61332476A6F00000E347 /* Assets.xcassets */; };
		64CA61372476A6F00000E347 /* LaunchScreen.storyboard in Resources */ = {isa = PBXBuildFile; fileRef = 64CA61352476A6F00000E347 /* LaunchScreen.storyboard */; };
		64CA61422476A6F00000E347 /* MVVM_StudyTests.swift in Sources */ = {isa = PBXBuildFile; fileRef = 64CA61412476A6F00000E347 /* MVVM_StudyTests.swift */; };
		64CA614D2476A6F00000E347 /* MVVM_StudyUITests.swift in Sources */ = {isa = PBXBuildFile; fileRef = 64CA614C2476A6F00000E347 /* MVVM_StudyUITests.swift */; };
/* End PBXBuildFile section */

/* Begin PBXContainerItemProxy section */
		64CA613E2476A6F00000E347 /* PBXContainerItemProxy */ = {
			isa = PBXContainerItemProxy;
			containerPortal = 64CA611C2476A6EF0000E347 /* Project object */;
			proxyType = 1;
			remoteGlobalIDString = 64CA61232476A6EF0000E347;
			remoteInfo = MVVM_Study;
		};
		64CA61492476A6F00000E347 /* PBXContainerItemProxy */ = {
			isa = PBXContainerItemProxy;
			containerPortal = 64CA611C2476A6EF0000E347 /* Project object */;
			proxyType = 1;
			remoteGlobalIDString = 64CA61232476A6EF0000E347;
			remoteInfo = MVVM_Study;
		};
/* End PBXContainerItemProxy section */

/* Begin PBXFileReference section */
		64CA61242476A6EF0000E347 /* MVVM_Study.app */ = {isa = PBXFileReference; explicitFileType = wrapper.application; includeInIndex = 0; path = MVVM_Study.app; sourceTree = BUILT_PRODUCTS_DIR; };
		64CA61272476A6EF0000E347 /* AppDelegate.swift */ = {isa = PBXFileReference; lastKnownFileType = sourcecode.swift; path = AppDelegate.swift; sourceTree = "<group>"; };
		64CA61292476A6EF0000E347 /* SceneDelegate.swift */ = {isa = PBXFileReference; lastKnownFileType = sourcecode.swift; path = SceneDelegate.swift; sourceTree = "<group>"; };
		64CA612B2476A6EF0000E347 /* ViewController.swift */ = {isa = PBXFileReference; lastKnownFileType = sourcecode.swift; path = ViewController.swift; sourceTree = "<group>"; };
		64CA612E2476A6EF0000E347 /* Base */ = {isa = PBXFileReference; lastKnownFileType = file.storyboard; name = Base; path = Base.lproj/Main.storyboard; sourceTree = "<group>"; };
		64CA61312476A6EF0000E347 /* MVVM_Study.xcdatamodel */ = {isa = PBXFileReference; lastKnownFileType = wrapper.xcdatamodel; path = MVVM_Study.xcdatamodel; sourceTree = "<group>"; };
		64CA61332476A6F00000E347 /* Assets.xcassets */ = {isa = PBXFileReference; lastKnownFileType = folder.assetcatalog; path = Assets.xcassets; sourceTree = "<group>"; };
		64CA61362476A6F00000E347 /* Base */ = {isa = PBXFileReference; lastKnownFileType = file.storyboard; name = Base; path = Base.lproj/LaunchScreen.storyboard; sourceTree = "<group>"; };
		64CA61382476A6F00000E347 /* Info.plist */ = {isa = PBXFileReference; lastKnownFileType = text.plist.xml; path = Info.plist; sourceTree = "<group>"; };
		64CA613D2476A6F00000E347 /* MVVM_StudyTests.xctest */ = {isa = PBXFileReference; explicitFileType = wrapper.cfbundle; includeInIndex = 0; path = MVVM_StudyTests.xctest; sourceTree = BUILT_PRODUCTS_DIR; };
		64CA61412476A6F00000E347 /* MVVM_StudyTests.swift */ = {isa = PBXFileReference; lastKnownFileType = sourcecode.swift; path = MVVM_StudyTests.swift; sourceTree = "<group>"; };
		64CA61432476A6F00000E347 /* Info.plist */ = {isa = PBXFileReference; lastKnownFileType = text.plist.xml; path = Info.plist; sourceTree = "<group>"; };
		64CA61482476A6F00000E347 /* MVVM_StudyUITests.xctest */ = {isa = PBXFileReference; explicitFileType = wrapper.cfbundle; includeInIndex = 0; path = MVVM_StudyUITests.xctest; sourceTree = BUILT_PRODUCTS_DIR; };
		64CA614C2476A6F00000E347 /* MVVM_StudyUITests.swift */ = {isa = PBXFileReference; lastKnownFileType = sourcecode.swift; path = MVVM_StudyUITests.swift; sourceTree = "<group>"; };
		64CA614E2476A6F00000E347 /* Info.plist */ = {isa = PBXFileReference; lastKnownFileType = text.plist.xml; path = Info.plist; sourceTree = "<group>"; };
/* End PBXFileReference section */

/* Begin PBXFrameworksBuildPhase section */
		64CA61212476A6EF0000E347 /* Frameworks */ = {
			isa = PBXFrameworksBuildPhase;
			buildActionMask = 2147483647;
			files = (
			);
			runOnlyForDeploymentPostprocessing = 0;
		};
		64CA613A2476A6F00000E347 /* Frameworks */ = {
			isa = PBXFrameworksBuildPhase;
			buildActionMask = 2147483647;
			files = (
			);
			runOnlyForDeploymentPostprocessing = 0;
		};
		64CA61452476A6F00000E347 /* Frameworks */ = {
			isa = PBXFrameworksBuildPhase;
			buildActionMask = 2147483647;
			files = (
			);
			runOnlyForDeploymentPostprocessing = 0;
		};
/* End PBXFrameworksBuildPhase section */

/* Begin PBXGroup section */
		64CA611B2476A6EF0000E347 = {
			isa = PBXGroup;
			children = (
				64CA61262476A6EF0000E347 /* MVVM_Study */,
				64CA61402476A6F00000E347 /* MVVM_StudyTests */,
				64CA614B2476A6F00000E347 /* MVVM_StudyUITests */,
				64CA61252476A6EF0000E347 /* Products */,
			);
			sourceTree = "<group>";
		};
		64CA61252476A6EF0000E347 /* Products */ = {
			isa = PBXGroup;
			children = (
				64CA61242476A6EF0000E347 /* MVVM_Study.app */,
				64CA613D2476A6F00000E347 /* MVVM_StudyTests.xctest */,
				64CA61482476A6F00000E347 /* MVVM_StudyUITests.xctest */,
			);
			name = Products;
			sourceTree = "<group>";
		};
		64CA61262476A6EF0000E347 /* MVVM_Study */ = {
			isa = PBXGroup;
			children = (
				64CA61272476A6EF0000E347 /* AppDelegate.swift */,
				64CA61292476A6EF0000E347 /* SceneDelegate.swift */,
				64CA612B2476A6EF0000E347 /* ViewController.swift */,
				64CA612D2476A6EF0000E347 /* Main.storyboard */,
				64CA61332476A6F00000E347 /* Assets.xcassets */,
				64CA61352476A6F00000E347 /* LaunchScreen.storyboard */,
				64CA61382476A6F00000E347 /* Info.plist */,
				64CA61302476A6EF0000E347 /* MVVM_Study.xcdatamodeld */,
			);
			path = MVVM_Study;
			sourceTree = "<group>";
		};
		64CA61402476A6F00000E347 /* MVVM_StudyTests */ = {
			isa = PBXGroup;
			children = (
				64CA61412476A6F00000E347 /* MVVM_StudyTests.swift */,
				64CA61432476A6F00000E347 /* Info.plist */,
			);
			path = MVVM_StudyTests;
			sourceTree = "<group>";
		};
		64CA614B2476A6F00000E347 /* MVVM_StudyUITests */ = {
			isa = PBXGroup;
			children = (
				64CA614C2476A6F00000E347 /* MVVM_StudyUITests.swift */,
				64CA614E2476A6F00000E347 /* Info.plist */,
			);
			path = MVVM_StudyUITests;
			sourceTree = "<group>";
		};
/* End PBXGroup section */

/* Begin PBXNativeTarget section */
		64CA61232476A6EF0000E347 /* MVVM_Study */ = {
			isa = PBXNativeTarget;
			buildConfigurationList = 64CA61512476A6F00000E347 /* Build configuration list for PBXNativeTarget "MVVM_Study" */;
			buildPhases = (
				64CA61202476A6EF0000E347 /* Sources */,
				64CA61212476A6EF0000E347 /* Frameworks */,
				64CA61222476A6EF0000E347 /* Resources */,
			);
			buildRules = (
			);
			dependencies = (
			);
			name = MVVM_Study;
			productName = MVVM_Study;
			productReference = 64CA61242476A6EF0000E347 /* MVVM_Study.app */;
			productType = "com.apple.product-type.application";
		};
		64CA613C2476A6F00000E347 /* MVVM_StudyTests */ = {
			isa = PBXNativeTarget;
			buildConfigurationList = 64CA61542476A6F00000E347 /* Build configuration list for PBXNativeTarget "MVVM_StudyTests" */;
			buildPhases = (
				64CA61392476A6F00000E347 /* Sources */,
				64CA613A2476A6F00000E347 /* Frameworks */,
				64CA613B2476A6F00000E347 /* Resources */,
			);
			buildRules = (
			);
			dependencies = (
				64CA613F2476A6F00000E347 /* PBXTargetDependency */,
			);
			name = MVVM_StudyTests;
			productName = MVVM_StudyTests;
			productReference = 64CA613D2476A6F00000E347 /* MVVM_StudyTests.xctest */;
			productType = "com.apple.product-type.bundle.unit-test";
		};
		64CA61472476A6F00000E347 /* MVVM_StudyUITests */ = {
			isa = PBXNativeTarget;
			buildConfigurationList = 64CA61572476A6F00000E347 /* Build configuration list for PBXNativeTarget "MVVM_StudyUITests" */;
			buildPhases = (
				64CA61442476A6F00000E347 /* Sources */,
				64CA61452476A6F00000E347 /* Frameworks */,
				64CA61462476A6F00000E347 /* Resources */,
			);
			buildRules = (
			);
			dependencies = (
				64CA614A2476A6F00000E347 /* PBXTargetDependency */,
			);
			name = MVVM_StudyUITests;
			productName = MVVM_StudyUITests;
			productReference = 64CA61482476A6F00000E347 /* MVVM_StudyUITests.xctest */;
			productType = "com.apple.product-type.bundle.ui-testing";
		};
/* End PBXNativeTarget section */

/* Begin PBXProject section */
		64CA611C2476A6EF0000E347 /* Project object */ = {
			isa = PBXProject;
			attributes = {
				LastSwiftUpdateCheck = 1140;
				LastUpgradeCheck = 1140;
				ORGANIZATIONNAME = mkilmer;
				TargetAttributes = {
					64CA61232476A6EF0000E347 = {
						CreatedOnToolsVersion = 11.4.1;
					};
					64CA613C2476A6F00000E347 = {
						CreatedOnToolsVersion = 11.4.1;
						TestTargetID = 64CA61232476A6EF0000E347;
					};
					64CA61472476A6F00000E347 = {
						CreatedOnToolsVersion = 11.4.1;
						TestTargetID = 64CA61232476A6EF0000E347;
					};
				};
			};
			buildConfigurationList = 64CA611F2476A6EF0000E347 /* Build configuration list for PBXProject "MVVM_Study" */;
			compatibilityVersion = "Xcode 9.3";
			developmentRegion = en;
			hasScannedForEncodings = 0;
			knownRegions = (
				en,
				Base,
			);
			mainGroup = 64CA611B2476A6EF0000E347;
			productRefGroup = 64CA61252476A6EF0000E347 /* Products */;
			projectDirPath = "";
			projectRoot = "";
			targets = (
				64CA61232476A6EF0000E347 /* MVVM_Study */,
				64CA613C2476A6F00000E347 /* MVVM_StudyTests */,
				64CA61472476A6F00000E347 /* MVVM_StudyUITests */,
			);
		};
/* End PBXProject section */

/* Begin PBXResourcesBuildPhase section */
		64CA61222476A6EF0000E347 /* Resources */ = {
			isa = PBXResourcesBuildPhase;
			buildActionMask = 2147483647;
			files = (
				64CA61372476A6F00000E347 /* LaunchScreen.storyboard in Resources */,
				64CA61342476A6F00000E347 /* Assets.xcassets in Resources */,
				64CA612F2476A6EF0000E347 /* Main.storyboard in Resources */,
			);
			runOnlyForDeploymentPostprocessing = 0;
		};
		64CA613B2476A6F00000E347 /* Resources */ = {
			isa = PBXResourcesBuildPhase;
			buildActionMask = 2147483647;
			files = (
			);
			runOnlyForDeploymentPostprocessing = 0;
		};
		64CA61462476A6F00000E347 /* Resources */ = {
			isa = PBXResourcesBuildPhase;
			buildActionMask = 2147483647;
			files = (
			);
			runOnlyForDeploymentPostprocessing = 0;
		};
/* End PBXResourcesBuildPhase section */

/* Begin PBXSourcesBuildPhase section */
		64CA61202476A6EF0000E347 /* Sources */ = {
			isa = PBXSourcesBuildPhase;
			buildActionMask = 2147483647;
			files = (
				64CA612C2476A6EF0000E347 /* ViewController.swift in Sources */,
				64CA61322476A6EF0000E347 /* MVVM_Study.xcdatamodeld in Sources */,
				64CA61282476A6EF0000E347 /* AppDelegate.swift in Sources */,
				64CA612A2476A6EF0000E347 /* SceneDelegate.swift in Sources */,
			);
			runOnlyForDeploymentPostprocessing = 0;
		};
		64CA61392476A6F00000E347 /* Sources */ = {
			isa = PBXSourcesBuildPhase;
			buildActionMask = 2147483647;
			files = (
				64CA61422476A6F00000E347 /* MVVM_StudyTests.swift in Sources */,
			);
			runOnlyForDeploymentPostprocessing = 0;
		};
		64CA61442476A6F00000E347 /* Sources */ = {
			isa = PBXSourcesBuildPhase;
			buildActionMask = 2147483647;
			files = (
				64CA614D2476A6F00000E347 /* MVVM_StudyUITests.swift in Sources */,
			);
			runOnlyForDeploymentPostprocessing = 0;
		};
/* End PBXSourcesBuildPhase section */

/* Begin PBXTargetDependency section */
		64CA613F2476A6F00000E347 /* PBXTargetDependency */ = {
			isa = PBXTargetDependency;
			target = 64CA61232476A6EF0000E347 /* MVVM_Study */;
			targetProxy = 64CA613E2476A6F00000E347 /* PBXContainerItemProxy */;
		};
		64CA614A2476A6F00000E347 /* PBXTargetDependency */ = {
			isa = PBXTargetDependency;
			target = 64CA61232476A6EF0000E347 /* MVVM_Study */;
			targetProxy = 64CA61492476A6F00000E347 /* PBXContainerItemProxy */;
		};
/* End PBXTargetDependency section */

/* Begin PBXVariantGroup section */
		64CA612D2476A6EF0000E347 /* Main.storyboard */ = {
			isa = PBXVariantGroup;
			children = (
				64CA612E2476A6EF0000E347 /* Base */,
			);
			name = Main.storyboard;
			sourceTree = "<group>";
		};
		64CA61352476A6F00000E347 /* LaunchScreen.storyboard */ = {
			isa = PBXVariantGroup;
			children = (
				64CA61362476A6F00000E347 /* Base */,
			);
			name = LaunchScreen.storyboard;
			sourceTree = "<group>";
		};
/* End PBXVariantGroup section */

/* Begin XCBuildConfiguration section */
		64CA614F2476A6F00000E347 /* Debug */ = {
			isa = XCBuildConfiguration;
			buildSettings = {
				ALWAYS_SEARCH_USER_PATHS = NO;
				CLANG_ANALYZER_NONNULL = YES;
				CLANG_ANALYZER_NUMBER_OBJECT_CONVERSION = YES_AGGRESSIVE;
				CLANG_CXX_LANGUAGE_STANDARD = "gnu++14";
				CLANG_CXX_LIBRARY = "libc++";
				CLANG_ENABLE_MODULES = YES;
				CLANG_ENABLE_OBJC_ARC = YES;
				CLANG_ENABLE_OBJC_WEAK = YES;
				CLANG_WARN_BLOCK_CAPTURE_AUTORELEASING = YES;
				CLANG_WARN_BOOL_CONVERSION = YES;
				CLANG_WARN_COMMA = YES;
				CLANG_WARN_CONSTANT_CONVERSION = YES;
				CLANG_WARN_DEPRECATED_OBJC_IMPLEMENTATIONS = YES;
				CLANG_WARN_DIRECT_OBJC_ISA_USAGE = YES_ERROR;
				CLANG_WARN_DOCUMENTATION_COMMENTS = YES;
				CLANG_WARN_EMPTY_BODY = YES;
				CLANG_WARN_ENUM_CONVERSION = YES;
				CLANG_WARN_INFINITE_RECURSION = YES;
				CLANG_WARN_INT_CONVERSION = YES;
				CLANG_WARN_NON_LITERAL_NULL_CONVERSION = YES;
				CLANG_WARN_OBJC_IMPLICIT_RETAIN_SELF = YES;
				CLANG_WARN_OBJC_LITERAL_CONVERSION = YES;
				CLANG_WARN_OBJC_ROOT_CLASS = YES_ERROR;
				CLANG_WARN_RANGE_LOOP_ANALYSIS = YES;
				CLANG_WARN_STRICT_PROTOTYPES = YES;
				CLANG_WARN_SUSPICIOUS_MOVE = YES;
				CLANG_WARN_UNGUARDED_AVAILABILITY = YES_AGGRESSIVE;
				CLANG_WARN_UNREACHABLE_CODE = YES;
				CLANG_WARN__DUPLICATE_METHOD_MATCH = YES;
				COPY_PHASE_STRIP = NO;
				DEBUG_INFORMATION_FORMAT = dwarf;
				ENABLE_STRICT_OBJC_MSGSEND = YES;
				ENABLE_TESTABILITY = YES;
				GCC_C_LANGUAGE_STANDARD = gnu11;
				GCC_DYNAMIC_NO_PIC = NO;
				GCC_NO_COMMON_BLOCKS = YES;
				GCC_OPTIMIZATION_LEVEL = 0;
				GCC_PREPROCESSOR_DEFINITIONS = (
					"DEBUG=1",
					"$(inherited)",
				);
				GCC_WARN_64_TO_32_BIT_CONVERSION = YES;
				GCC_WARN_ABOUT_RETURN_TYPE = YES_ERROR;
				GCC_WARN_UNDECLARED_SELECTOR = YES;
				GCC_WARN_UNINITIALIZED_AUTOS = YES_AGGRESSIVE;
				GCC_WARN_UNUSED_FUNCTION = YES;
				GCC_WARN_UNUSED_VARIABLE = YES;
				IPHONEOS_DEPLOYMENT_TARGET = 13.4;
				MTL_ENABLE_DEBUG_INFO = INCLUDE_SOURCE;
				MTL_FAST_MATH = YES;
				ONLY_ACTIVE_ARCH = YES;
				SDKROOT = iphoneos;
				SWIFT_ACTIVE_COMPILATION_CONDITIONS = DEBUG;
				SWIFT_OPTIMIZATION_LEVEL = "-Onone";
			};
			name = Debug;
		};
		64CA61502476A6F00000E347 /* Release */ = {
			isa = XCBuildConfiguration;
			buildSettings = {
				ALWAYS_SEARCH_USER_PATHS = NO;
				CLANG_ANALYZER_NONNULL = YES;
				CLANG_ANALYZER_NUMBER_OBJECT_CONVERSION = YES_AGGRESSIVE;
				CLANG_CXX_LANGUAGE_STANDARD = "gnu++14";
				CLANG_CXX_LIBRARY = "libc++";
				CLANG_ENABLE_MODULES = YES;
				CLANG_ENABLE_OBJC_ARC = YES;
				CLANG_ENABLE_OBJC_WEAK = YES;
				CLANG_WARN_BLOCK_CAPTURE_AUTORELEASING = YES;
				CLANG_WARN_BOOL_CONVERSION = YES;
				CLANG_WARN_COMMA = YES;
				CLANG_WARN_CONSTANT_CONVERSION = YES;
				CLANG_WARN_DEPRECATED_OBJC_IMPLEMENTATIONS = YES;
				CLANG_WARN_DIRECT_OBJC_ISA_USAGE = YES_ERROR;
				CLANG_WARN_DOCUMENTATION_COMMENTS = YES;
				CLANG_WARN_EMPTY_BODY = YES;
				CLANG_WARN_ENUM_CONVERSION = YES;
				CLANG_WARN_INFINITE_RECURSION = YES;
				CLANG_WARN_INT_CONVERSION = YES;
				CLANG_WARN_NON_LITERAL_NULL_CONVERSION = YES;
				CLANG_WARN_OBJC_IMPLICIT_RETAIN_SELF = YES;
				CLANG_WARN_OBJC_LITERAL_CONVERSION = YES;
				CLANG_WARN_OBJC_ROOT_CLASS = YES_ERROR;
				CLANG_WARN_RANGE_LOOP_ANALYSIS = YES;
				CLANG_WARN_STRICT_PROTOTYPES = YES;
				CLANG_WARN_SUSPICIOUS_MOVE = YES;
				CLANG_WARN_UNGUARDED_AVAILABILITY = YES_AGGRESSIVE;
				CLANG_WARN_UNREACHABLE_CODE = YES;
				CLANG_WARN__DUPLICATE_METHOD_MATCH = YES;
				COPY_PHASE_STRIP = NO;
				DEBUG_INFORMATION_FORMAT = "dwarf-with-dsym";
				ENABLE_NS_ASSERTIONS = NO;
				ENABLE_STRICT_OBJC_MSGSEND = YES;
				GCC_C_LANGUAGE_STANDARD = gnu11;
				GCC_NO_COMMON_BLOCKS = YES;
				GCC_WARN_64_TO_32_BIT_CONVERSION = YES;
				GCC_WARN_ABOUT_RETURN_TYPE = YES_ERROR;
				GCC_WARN_UNDECLARED_SELECTOR = YES;
				GCC_WARN_UNINITIALIZED_AUTOS = YES_AGGRESSIVE;
				GCC_WARN_UNUSED_FUNCTION = YES;
				GCC_WARN_UNUSED_VARIABLE = YES;
				IPHONEOS_DEPLOYMENT_TARGET = 13.4;
				MTL_ENABLE_DEBUG_INFO = NO;
				MTL_FAST_MATH = YES;
				SDKROOT = iphoneos;
				SWIFT_COMPILATION_MODE = wholemodule;
				SWIFT_OPTIMIZATION_LEVEL = "-O";
				VALIDATE_PRODUCT = YES;
			};
			name = Release;
		};
		64CA61522476A6F00000E347 /* Debug */ = {
			isa = XCBuildConfiguration;
			buildSettings = {
				ASSETCATALOG_COMPILER_APPICON_NAME = AppIcon;
				CODE_SIGN_STYLE = Automatic;
				DEVELOPMENT_TEAM = JA3K44V4L9;
				INFOPLIST_FILE = MVVM_Study/Info.plist;
				LD_RUNPATH_SEARCH_PATHS = (
					"$(inherited)",
					"@executable_path/Frameworks",
				);
				PRODUCT_BUNDLE_IDENTIFIER = "br.com.mkilmer.MVVM-Study";
				PRODUCT_NAME = "$(TARGET_NAME)";
				SWIFT_VERSION = 5.0;
				TARGETED_DEVICE_FAMILY = "1,2";
			};
			name = Debug;
		};
		64CA61532476A6F00000E347 /* Release */ = {
			isa = XCBuildConfiguration;
			buildSettings = {
				ASSETCATALOG_COMPILER_APPICON_NAME = AppIcon;
				CODE_SIGN_STYLE = Automatic;
				DEVELOPMENT_TEAM = JA3K44V4L9;
				INFOPLIST_FILE = MVVM_Study/Info.plist;
				LD_RUNPATH_SEARCH_PATHS = (
					"$(inherited)",
					"@executable_path/Frameworks",
				);
				PRODUCT_BUNDLE_IDENTIFIER = "br.com.mkilmer.MVVM-Study";
				PRODUCT_NAME = "$(TARGET_NAME)";
				SWIFT_VERSION = 5.0;
				TARGETED_DEVICE_FAMILY = "1,2";
			};
			name = Release;
		};
		64CA61552476A6F00000E347 /* Debug */ = {
			isa = XCBuildConfiguration;
			buildSettings = {
				ALWAYS_EMBED_SWIFT_STANDARD_LIBRARIES = YES;
				BUNDLE_LOADER = "$(TEST_HOST)";
				CODE_SIGN_STYLE = Automatic;
				DEVELOPMENT_TEAM = JA3K44V4L9;
				INFOPLIST_FILE = MVVM_StudyTests/Info.plist;
				IPHONEOS_DEPLOYMENT_TARGET = 13.4;
				LD_RUNPATH_SEARCH_PATHS = (
					"$(inherited)",
					"@executable_path/Frameworks",
					"@loader_path/Frameworks",
				);
				PRODUCT_BUNDLE_IDENTIFIER = "br.com.mkilmer.MVVM-StudyTests";
				PRODUCT_NAME = "$(TARGET_NAME)";
				SWIFT_VERSION = 5.0;
				TARGETED_DEVICE_FAMILY = "1,2";
				TEST_HOST = "$(BUILT_PRODUCTS_DIR)/MVVM_Study.app/MVVM_Study";
			};
			name = Debug;
		};
		64CA61562476A6F00000E347 /* Release */ = {
			isa = XCBuildConfiguration;
			buildSettings = {
				ALWAYS_EMBED_SWIFT_STANDARD_LIBRARIES = YES;
				BUNDLE_LOADER = "$(TEST_HOST)";
				CODE_SIGN_STYLE = Automatic;
				DEVELOPMENT_TEAM = JA3K44V4L9;
				INFOPLIST_FILE = MVVM_StudyTests/Info.plist;
				IPHONEOS_DEPLOYMENT_TARGET = 13.4;
				LD_RUNPATH_SEARCH_PATHS = (
					"$(inherited)",
					"@executable_path/Frameworks",
					"@loader_path/Frameworks",
				);
				PRODUCT_BUNDLE_IDENTIFIER = "br.com.mkilmer.MVVM-StudyTests";
				PRODUCT_NAME = "$(TARGET_NAME)";
				SWIFT_VERSION = 5.0;
				TARGETED_DEVICE_FAMILY = "1,2";
				TEST_HOST = "$(BUILT_PRODUCTS_DIR)/MVVM_Study.app/MVVM_Study";
			};
			name = Release;
		};
		64CA61582476A6F00000E347 /* Debug */ = {
			isa = XCBuildConfiguration;
			buildSettings = {
				ALWAYS_EMBED_SWIFT_STANDARD_LIBRARIES = YES;
				CODE_SIGN_STYLE = Automatic;
				DEVELOPMENT_TEAM = JA3K44V4L9;
				INFOPLIST_FILE = MVVM_StudyUITests/Info.plist;
				LD_RUNPATH_SEARCH_PATHS = (
					"$(inherited)",
					"@executable_path/Frameworks",
					"@loader_path/Frameworks",
				);
				PRODUCT_BUNDLE_IDENTIFIER = "br.com.mkilmer.MVVM-StudyUITests";
				PRODUCT_NAME = "$(TARGET_NAME)";
				SWIFT_VERSION = 5.0;
				TARGETED_DEVICE_FAMILY = "1,2";
				TEST_TARGET_NAME = MVVM_Study;
			};
			name = Debug;
		};
		64CA61592476A6F00000E347 /* Release */ = {
			isa = XCBuildConfiguration;
			buildSettings = {
				ALWAYS_EMBED_SWIFT_STANDARD_LIBRARIES = YES;
				CODE_SIGN_STYLE = Automatic;
				DEVELOPMENT_TEAM = JA3K44V4L9;
				INFOPLIST_FILE = MVVM_StudyUITests/Info.plist;
				LD_RUNPATH_SEARCH_PATHS = (
					"$(inherited)",
					"@executable_path/Frameworks",
					"@loader_path/Frameworks",
				);
				PRODUCT_BUNDLE_IDENTIFIER = "br.com.mkilmer.MVVM-StudyUITests";
				PRODUCT_NAME = "$(TARGET_NAME)";
				SWIFT_VERSION = 5.0;
				TARGETED_DEVICE_FAMILY = "1,2";
				TEST_TARGET_NAME = MVVM_Study;
			};
			name = Release;
		};
/* End XCBuildConfiguration section */

/* Begin XCConfigurationList section */
		64CA611F2476A6EF0000E347 /* Build configuration list for PBXProject "MVVM_Study" */ = {
			isa = XCConfigurationList;
			buildConfigurations = (
				64CA614F2476A6F00000E347 /* Debug */,
				64CA61502476A6F00000E347 /* Release */,
			);
			defaultConfigurationIsVisible = 0;
			defaultConfigurationName = Release;
		};
		64CA61512476A6F00000E347 /* Build configuration list for PBXNativeTarget "MVVM_Study" */ = {
			isa = XCConfigurationList;
			buildConfigurations = (
				64CA61522476A6F00000E347 /* Debug */,
				64CA61532476A6F00000E347 /* Release */,
			);
			defaultConfigurationIsVisible = 0;
			defaultConfigurationName = Release;
		};
		64CA61542476A6F00000E347 /* Build configuration list for PBXNativeTarget "MVVM_StudyTests" */ = {
			isa = XCConfigurationList;
			buildConfigurations = (
				64CA61552476A6F00000E347 /* Debug */,
				64CA61562476A6F00000E347 /* Release */,
			);
			defaultConfigurationIsVisible = 0;
			defaultConfigurationName = Release;
		};
		64CA61572476A6F00000E347 /* Build configuration list for PBXNativeTarget "MVVM_StudyUITests" */ = {
			isa = XCConfigurationList;
			buildConfigurations = (
				64CA61582476A6F00000E347 /* Debug */,
				64CA61592476A6F00000E347 /* Release */,
			);
			defaultConfigurationIsVisible = 0;
			defaultConfigurationName = Release;
		};
/* End XCConfigurationList section */

/* Begin XCVersionGroup section */
		64CA61302476A6EF0000E347 /* MVVM_Study.xcdatamodeld */ = {
			isa = XCVersionGroup;
			children = (
				64CA61312476A6EF0000E347 /* MVVM_Study.xcdatamodel */,
			);
			currentVersion = 64CA61312476A6EF0000E347 /* MVVM_Study.xcdatamodel */;
			path = MVVM_Study.xcdatamodeld;
			sourceTree = "<group>";
			versionGroupType = wrapper.xcdatamodel;
		};
/* End XCVersionGroup section */
	};
	rootObject = 64CA611C2476A6EF0000E347 /* Project object */;
}
